
Microsoft Visual Studio Solution File, Format Version 12.00
# Visual Studio Version 16
VisualStudioVersion = 16.0.29926.136
MinimumVisualStudioVersion = 10.0.40219.1
Project("{9A19103F-16F7-4668-BE54-9A1E7A4F7556}") = "GithubActions.Notimpo.ConsoleApp", "src\GithubActions.Notimpo.ConsoleApp\GithubActions.Notimpo.ConsoleApp.csproj", "{F210E9AD-ED09-4B9F-AFF5-4B41DEEC5319}"
EndProject
Global
	GlobalSection(SolutionConfigurationPlatforms) = preSolution
		Debug|Any CPU = Debug|Any CPU
		Release|Any CPU = Release|Any CPU
	EndGlobalSection
	GlobalSection(ProjectConfigurationPlatforms) = postSolution
		{F210E9AD-ED09-4B9F-AFF5-4B41DEEC5319}.Debug|Any CPU.ActiveCfg = Debug|Any CPU
		{F210E9AD-ED09-4B9F-AFF5-4B41DEEC5319}.Debug|Any CPU.Build.0 = Debug|Any CPU
		{F210E9AD-ED09-4B9F-AFF5-4B41DEEC5319}.Release|Any CPU.ActiveCfg = Release|Any CPU
		{F210E9AD-ED09-4B9F-AFF5-4B41DEEC5319}.Release|Any CPU.Build.0 = Release|Any CPU
	EndGlobalSection
	GlobalSection(SolutionProperties) = preSolution
		HideSolutionNode = FALSE
	EndGlobalSection
	GlobalSection(ExtensibilityGlobals) = postSolution
		SolutionGuid = {016169C5-EBD7-41BA-8FF7-D7A867B412F1}
	EndGlobalSection
EndGlobal
